
Microsoft Visual Studio Solution File, Format Version 12.00
# Visual Studio Version 17
VisualStudioVersion = 17.4.33110.190
MinimumVisualStudioVersion = 10.0.40219.1
Project("{2150E333-8FDC-42A3-9474-1A3956D46DE8}") = "Exercicio 1", "Exercicio 1", "{8185580E-511E-4747-BAAD-4CC4AF81930F}"
EndProject
Project("{FAE04EC0-301F-11D3-BF4B-00C04F79EFBC}") = "GroupService.ConsoleCollatz", "GroupService.ConsoleCollatz\GroupService.ConsoleCollatz.csproj", "{EAAA42EC-E7E8-4B6B-9B98-A399237B8551}"
EndProject
Project("{2150E333-8FDC-42A3-9474-1A3956D46DE8}") = "Exercicio 2", "Exercicio 2", "{EC5EC514-E9CD-4820-881E-2928D583A36A}"
EndProject
Global
	GlobalSection(SolutionConfigurationPlatforms) = preSolution
		Debug|Any CPU = Debug|Any CPU
		Release|Any CPU = Release|Any CPU
	EndGlobalSection
	GlobalSection(ProjectConfigurationPlatforms) = postSolution
		{EAAA42EC-E7E8-4B6B-9B98-A399237B8551}.Debug|Any CPU.ActiveCfg = Debug|Any CPU
		{EAAA42EC-E7E8-4B6B-9B98-A399237B8551}.Debug|Any CPU.Build.0 = Debug|Any CPU
		{EAAA42EC-E7E8-4B6B-9B98-A399237B8551}.Release|Any CPU.ActiveCfg = Release|Any CPU
		{EAAA42EC-E7E8-4B6B-9B98-A399237B8551}.Release|Any CPU.Build.0 = Release|Any CPU
	EndGlobalSection
	GlobalSection(SolutionProperties) = preSolution
		HideSolutionNode = FALSE
	EndGlobalSection
	GlobalSection(NestedProjects) = preSolution
		{EAAA42EC-E7E8-4B6B-9B98-A399237B8551} = {8185580E-511E-4747-BAAD-4CC4AF81930F}
	EndGlobalSection
	GlobalSection(ExtensibilityGlobals) = postSolution
		SolutionGuid = {1EC027C5-8DD5-4997-9F99-91F2710A0537}
	EndGlobalSection
EndGlobal
